<?xml version="1.0" encoding="utf-8"?>
<Project ToolsVersion="4.0" xmlns="http://schemas.microsoft.com/developer/msbuild/2003">
  <ItemGroup>
    <Filter Include="include">
      <UniqueIdentifier>{7b311264-b0c8-4cdb-81f0-f123eeb9027c}</UniqueIdentifier>
    </Filter>
    <Filter Include="source">
      <UniqueIdentifier>{5b63d51b-72fc-40df-9ea0-12752262370a}</UniqueIdentifier>
    </Filter>
    <Filter Include="include\game">
      <UniqueIdentifier>{7d958adb-d7c1-4c0d-9108-3229fcbfe2b3}</UniqueIdentifier>
    </Filter>
    <Filter Include="source\game">
      <UniqueIdentifier>{affd2ddc-b7ab-4d3a-b8ae-fe233b89bd3c}</UniqueIdentifier>
    </Filter>
    <Filter Include="include\assets">
      <UniqueIdentifier>{61afb6c2-ab4b-4504-8c21-c31e69738a68}</UniqueIdentifier>
    </Filter>
    <Filter Include="source\assets">
      <UniqueIdentifier>{cdd723d8-41ce-441a-b07e-a57857f93eaa}</UniqueIdentifier>
    </Filter>
    <Filter Include="source\graphics">
      <UniqueIdentifier>{63ab7c89-e5fd-44d0-86d4-6b30ff06377c}</UniqueIdentifier>
    </Filter>
    <Filter Include="include\graphics">
      <UniqueIdentifier>{38720c96-66ba-4a95-a76e-3f0e7892025c}</UniqueIdentifier>
    </Filter>
    <Filter Include="include\utility">
      <UniqueIdentifier>{b89fb21a-d599-4483-819c-7e4886a1b13e}</UniqueIdentifier>
    </Filter>
    <Filter Include="source\utility">
      <UniqueIdentifier>{9120e300-ea9f-4d03-aa8f-1e4b63e6d60c}</UniqueIdentifier>
    </Filter>
    <Filter Include="source\sound">
      <UniqueIdentifier>{871cc067-2473-40e8-9c2d-361dc5e408f6}</UniqueIdentifier>
    </Filter>
    <Filter Include="include\sound">
      <UniqueIdentifier>{a94c76c0-cba0-47a9-a9bb-ce38494b50fe}</UniqueIdentifier>
    </Filter>
    <Filter Include="include\input">
      <UniqueIdentifier>{d82be4f7-5ac1-46dc-bb2b-75b6df447ee1}</UniqueIdentifier>
    </Filter>
    <Filter Include="source\input">
      <UniqueIdentifier>{661e8dfc-cd9e-46a5-a9b3-c49e558ac81d}</UniqueIdentifier>
    </Filter>
    <Filter Include="external">
      <UniqueIdentifier>{08c84e93-0f1e-4f81-b366-e916baf2b441}</UniqueIdentifier>
    </Filter>
  </ItemGroup>
  <ItemGroup>
    <ClInclude Include="include\Engine\android_native_app_glue.h">
      <Filter>include</Filter>
    </ClInclude>
    <ClInclude Include="include\Engine\engine.h">
      <Filter>include</Filter>
    </ClInclude>
    <ClInclude Include="include\engine\game\game.h">
      <Filter>include\game</Filter>
    </ClInclude>
    <ClInclude Include="include\engine\game\scene.h">
      <Filter>include\game</Filter>
    </ClInclude>
    <ClInclude Include="include\engine\game\component.h">
      <Filter>include\game</Filter>
    </ClInclude>
    <ClInclude Include="include\engine\game\gameObject.h">
      <Filter>include\game</Filter>
    </ClInclude>
    <ClInclude Include="include\engine\game.h">
      <Filter>include</Filter>
    </ClInclude>
    <ClInclude Include="include\engine\assets\asset.h">
      <Filter>include\assets</Filter>
    </ClInclude>
    <ClInclude Include="include\engine\assets\assetManager.h">
      <Filter>include\assets</Filter>
    </ClInclude>
    <ClInclude Include="include\engine\assets\fileManager.h">
      <Filter>include\assets</Filter>
    </ClInclude>
    <ClInclude Include="include\engine\graphics\graphicsContext.h">
      <Filter>include\graphics</Filter>
    </ClInclude>
    <ClInclude Include="include\engine\utility\math.h">
      <Filter>include\utility</Filter>
    </ClInclude>
    <ClInclude Include="include\engine\utility\random.h">
      <Filter>include\utility</Filter>
    </ClInclude>
    <ClInclude Include="include\engine\utility\timer.h">
      <Filter>include\utility</Filter>
    </ClInclude>
    <ClInclude Include="include\engine\graphics\shader.h">
      <Filter>include\graphics</Filter>
    </ClInclude>
    <ClInclude Include="include\engine\utility\logger.h">
      <Filter>include\utility</Filter>
    </ClInclude>
    <ClInclude Include="include\engine\graphics\buffer.h">
      <Filter>include\graphics</Filter>
    </ClInclude>
    <ClInclude Include="include\engine\graphics\texture.h">
      <Filter>include\graphics</Filter>
    </ClInclude>
    <ClInclude Include="include\engine\input\input.h">
      <Filter>include\input</Filter>
    </ClInclude>
    <ClInclude Include="include\engine\graphics\indexBuffer.h">
      <Filter>include\graphics</Filter>
    </ClInclude>
    <ClInclude Include="include\engine\graphics\vertexBuffer.h">
      <Filter>include\graphics</Filter>
    </ClInclude>
    <ClInclude Include="include\engine\sound\Sound.h">
      <Filter>include\sound</Filter>
    </ClInclude>
    <ClInclude Include="include\engine\sound\SoundEffect.h">
      <Filter>include\sound</Filter>
    </ClInclude>
    <ClInclude Include="include\engine\graphics\graphicsDevice.h">
      <Filter>include\graphics</Filter>
    </ClInclude>
    <ClInclude Include="include\engine\graphics\opengl.h">
      <Filter>include\graphics</Filter>
    </ClInclude>
    <ClInclude Include="include\engine\graphics\vertexBufferElement.h">
      <Filter>include\graphics</Filter>
    </ClInclude>
    <ClInclude Include="include\engine\graphics\text.h">
      <Filter>include\graphics</Filter>
    </ClInclude>
    <ClInclude Include="include\engine\graphics\spriteBatch.h">
      <Filter>include\graphics</Filter>
    </ClInclude>
    <ClInclude Include="include\engine\graphics\drawable.h">
      <Filter>include\graphics</Filter>
    </ClInclude>
    <ClInclude Include="include\engine\sound\AudioManager.h">
      <Filter>include\sound</Filter>
    </ClInclude>
    <ClInclude Include="include\engine\graphics\stb_truetype.h">
      <Filter>external</Filter>
    </ClInclude>
    <ClInclude Include="include\engine\graphics\graphics.h">
      <Filter>include\graphics</Filter>
    </ClInclude>
    <ClInclude Include="include\engine\graphics\debugSprite.h">
      <Filter>include\graphics</Filter>
    </ClInclude>
    <ClInclude Include="include\engine\game\objectPool.h">
      <Filter>include\game</Filter>
    </ClInclude>
    <ClInclude Include="include\engine\game\sceneManager.h">
      <Filter>include\game</Filter>
    </ClInclude>
    <ClInclude Include="include\engine\game\componentSystem.h">
      <Filter>include\game</Filter>
    </ClInclude>
    <ClInclude Include="include\engine\game\componentSystemManager.h">
      <Filter>include\game</Filter>
    </ClInclude>
    <ClInclude Include="include\engine\game\renderComponent.h">
      <Filter>include\game</Filter>
    </ClInclude>
    <ClInclude Include="include\engine\game\renderComponentSystem.h">
      <Filter>include\game</Filter>
    </ClInclude>
    <ClInclude Include="include\engine\game\transformComponent.h">
      <Filter>include\game</Filter>
    </ClInclude>
    <ClInclude Include="include\engine\utility\Vector2.h">
      <Filter>include\utility</Filter>
    </ClInclude>
    <ClInclude Include="include\engine\game\transformComponentSystem.h">
      <Filter>include\game</Filter>
    </ClInclude>
  </ItemGroup>
  <ItemGroup>
    <ClCompile Include="source\game\scene.cpp">
      <Filter>source\game</Filter>
    </ClCompile>
    <ClCompile Include="source\main.cpp">
      <Filter>source</Filter>
    </ClCompile>
    <ClCompile Include="source\android_native_app_glue.cpp">
      <Filter>source</Filter>
    </ClCompile>
    <ClCompile Include="source\game\gameObject.cpp">
      <Filter>source\game</Filter>
    </ClCompile>
    <ClCompile Include="source\game\component.cpp">
      <Filter>source\game</Filter>
    </ClCompile>
    <ClCompile Include="source\game\game.cpp">
      <Filter>source\game</Filter>
    </ClCompile>
    <ClInclude Include="include\engine\graphics\graphicsContext.h">
      <Filter>include\graphics</Filter>
    </ClInclude>
    <ClCompile Include="source\assets\asset.cpp">
      <Filter>source\assets</Filter>
    </ClCompile>
    <ClCompile Include="source\assets\assetManager.cpp">
      <Filter>source\assets</Filter>
    </ClCompile>
    <ClCompile Include="source\assets\fileManager.cpp">
      <Filter>source\assets</Filter>
    </ClCompile>
    <ClCompile Include="source\graphics\graphicsContext.cpp">
      <Filter>source\graphics</Filter>
    </ClCompile>
    <ClCompile Include="source\utility\math.cpp">
      <Filter>source\utility</Filter>
    </ClCompile>
    <ClCompile Include="source\utility\random.cpp">
      <Filter>source\utility</Filter>
    </ClCompile>
    <ClCompile Include="source\utility\timer.cpp">
      <Filter>source\utility</Filter>
    </ClCompile>
    <ClCompile Include="source\graphics\shader.cpp">
      <Filter>source\graphics</Filter>
    </ClCompile>
    <ClCompile Include="source\graphics\texture.cpp">
      <Filter>source\graphics</Filter>
    </ClCompile>
    <ClCompile Include="source\graphics\indexBuffer.cpp">
      <Filter>source\graphics</Filter>
    </ClCompile>
    <ClCompile Include="source\input\input.cpp">
      <Filter>source\input</Filter>
    </ClCompile>
    <ClCompile Include="source\graphics\vertexBuffer.cpp">
      <Filter>source\graphics</Filter>
    </ClCompile>
    <ClCompile Include="source\sound\Sound.cpp">
      <Filter>source\sound</Filter>
    </ClCompile>
    <ClCompile Include="source\sound\SoundEffect.cpp">
      <Filter>source\sound</Filter>
    </ClCompile>
    <ClCompile Include="source\graphics\graphicsDevice.cpp">
      <Filter>source\graphics</Filter>
    </ClCompile>
    <ClCompile Include="source\graphics\text.cpp">
      <Filter>source\graphics</Filter>
    </ClCompile>
    <ClCompile Include="source\graphics\spriteBatch.cpp">
      <Filter>source\graphics</Filter>
    </ClCompile>
    <ClCompile Include="source\sound\AudioManager.cpp">
      <Filter>source\sound</Filter>
    </ClCompile>
    <ClCompile Include="source\graphics\graphics.cpp">
      <Filter>source\graphics</Filter>
    </ClCompile>
    <ClCompile Include="external\lodepng\lodepng.cpp">
      <Filter>external</Filter>
    </ClCompile>
    <ClCompile Include="source\graphics\debugSprite.cpp">
      <Filter>source\graphics</Filter>
    </ClCompile>
    <ClCompile Include="source\game\objectPool.cpp">
      <Filter>source\game</Filter>
    </ClCompile>
    <ClCompile Include="source\graphics\opengl.cpp">
      <Filter>source\graphics</Filter>
    </ClCompile>
    <ClCompile Include="source\game\sceneManager.cpp">
      <Filter>source\game</Filter>
    </ClCompile>
    <ClCompile Include="source\game\componentSystem.cpp">
      <Filter>source\game</Filter>
    </ClCompile>
    <ClCompile Include="source\game\componentSystemManager.cpp">
      <Filter>source\game</Filter>
    </ClCompile>
    <ClCompile Include="source\game\renderComponent.cpp">
      <Filter>source\game</Filter>
    </ClCompile>
    <ClCompile Include="source\game\renderComponentSystem.cpp">
      <Filter>source\game</Filter>
    </ClCompile>
    <ClCompile Include="source\game\transformComponent.cpp">
      <Filter>source\game</Filter>
    </ClCompile>
    <ClCompile Include="source\game\transformComponentSystem.cpp">
      <Filter>source\game</Filter>
    </ClCompile>
  </ItemGroup>
</Project>