<?xml version="1.0" encoding="utf-8"?>
<Project ToolsVersion="4.0" xmlns="http://schemas.microsoft.com/developer/msbuild/2003">
  <ItemGroup>
    <Filter Include="include">
      <UniqueIdentifier>{7b311264-b0c8-4cdb-81f0-f123eeb9027c}</UniqueIdentifier>
    </Filter>
    <Filter Include="source">
      <UniqueIdentifier>{5b63d51b-72fc-40df-9ea0-12752262370a}</UniqueIdentifier>
    </Filter>
    <Filter Include="include\game">
      <UniqueIdentifier>{7d958adb-d7c1-4c0d-9108-3229fcbfe2b3}</UniqueIdentifier>
    </Filter>
    <Filter Include="source\game">
      <UniqueIdentifier>{affd2ddc-b7ab-4d3a-b8ae-fe233b89bd3c}</UniqueIdentifier>
    </Filter>
  </ItemGroup>
  <ItemGroup>
    <ClInclude Include="include\Engine\android_native_app_glue.h">
      <Filter>include</Filter>
    </ClInclude>
    <ClInclude Include="include\Engine\engine.h">
      <Filter>include</Filter>
    </ClInclude>
    <ClInclude Include="include\engine\game\game.h">
      <Filter>include\game</Filter>
    </ClInclude>
    <ClInclude Include="include\engine\game\scene.h">
      <Filter>include\game</Filter>
    </ClInclude>
    <ClInclude Include="include\engine\game\component.h">
      <Filter>include\game</Filter>
    </ClInclude>
    <ClInclude Include="include\engine\game\gameObject.h">
      <Filter>include\game</Filter>
    </ClInclude>
    <ClInclude Include="include\engine\game.h">
      <Filter>include</Filter>
    </ClInclude>
  </ItemGroup>
  <ItemGroup>
    <ClCompile Include="source\game\scene.cpp">
      <Filter>source\game</Filter>
    </ClCompile>
    <ClCompile Include="source\main.cpp">
      <Filter>source</Filter>
    </ClCompile>
    <ClCompile Include="source\android_native_app_glue.cpp">
      <Filter>source</Filter>
    </ClCompile>
    <ClCompile Include="source\game\gameObject.cpp">
      <Filter>source\game</Filter>
    </ClCompile>
    <ClCompile Include="source\game\component.cpp">
      <Filter>source\game</Filter>
    </ClCompile>
    <ClCompile Include="source\game\game.cpp">
      <Filter>source\game</Filter>
    </ClCompile>
  </ItemGroup>
</Project>