
Microsoft Visual Studio Solution File, Format Version 12.00
# Visual Studio 2013
VisualStudioVersion = 12.0.31101.0
MinimumVisualStudioVersion = 10.0.40219.1
Project("{8BC9CEB8-8B4A-11D0-8D11-00A0C91BC942}") = "Test", "Test\Test.vcxproj", "{E497E48B-462A-4C74-812F-932E5D53B835}"
	ProjectSection(ProjectDependencies) = postProject
		{98400D17-43A5-1A40-95BE-C53AC78E7694} = {98400D17-43A5-1A40-95BE-C53AC78E7694}
		{78B079BD-9FC7-4B9E-B4A6-96DA0F00248B} = {78B079BD-9FC7-4B9E-B4A6-96DA0F00248B}
		{32691AED-FF9C-4E80-BA0E-65A9F2B75216} = {32691AED-FF9C-4E80-BA0E-65A9F2B75216}
	EndProjectSection
EndProject
Project("{8BC9CEB8-8B4A-11D0-8D11-00A0C91BC942}") = "Engine", "Engine\Engine.vcxproj", "{32691AED-FF9C-4E80-BA0E-65A9F2B75216}"
EndProject
Project("{8BC9CEB8-8B4A-11D0-8D11-00A0C91BC942}") = "freetype", "freetype\freetype.vcxproj", "{78B079BD-9FC7-4B9E-B4A6-96DA0F00248B}"
EndProject
Project("{8BC9CEB8-8B4A-11D0-8D11-00A0C91BC942}") = "Box2D", "Box2D\Build\vs2012\Box2D.vcxproj", "{98400D17-43A5-1A40-95BE-C53AC78E7694}"
EndProject
Project("{FAE04EC0-301F-11D3-BF4B-00C04F79EFBC}") = "Editor", "Editor\Editor.csproj", "{7ED40372-DA19-4CB4-95AC-A0F44AD39924}"
EndProject
Global
	GlobalSection(SolutionConfigurationPlatforms) = preSolution
		Debug Multithreaded|Any CPU = Debug Multithreaded|Any CPU
		Debug Multithreaded|Mixed Platforms = Debug Multithreaded|Mixed Platforms
		Debug Multithreaded|Tegra-Android = Debug Multithreaded|Tegra-Android
		Debug Multithreaded|Win32 = Debug Multithreaded|Win32
		Debug Multithreaded|x64 = Debug Multithreaded|x64
		Debug Singlethreaded|Any CPU = Debug Singlethreaded|Any CPU
		Debug Singlethreaded|Mixed Platforms = Debug Singlethreaded|Mixed Platforms
		Debug Singlethreaded|Tegra-Android = Debug Singlethreaded|Tegra-Android
		Debug Singlethreaded|Win32 = Debug Singlethreaded|Win32
		Debug Singlethreaded|x64 = Debug Singlethreaded|x64
		Debug|Any CPU = Debug|Any CPU
		Debug|Mixed Platforms = Debug|Mixed Platforms
		Debug|Tegra-Android = Debug|Tegra-Android
		Debug|Win32 = Debug|Win32
		Debug|x64 = Debug|x64
		EngineDLL|Any CPU = EngineDLL|Any CPU
		EngineDLL|Mixed Platforms = EngineDLL|Mixed Platforms
		EngineDLL|Tegra-Android = EngineDLL|Tegra-Android
		EngineDLL|Win32 = EngineDLL|Win32
		EngineDLL|x64 = EngineDLL|x64
		Release Multithreaded|Any CPU = Release Multithreaded|Any CPU
		Release Multithreaded|Mixed Platforms = Release Multithreaded|Mixed Platforms
		Release Multithreaded|Tegra-Android = Release Multithreaded|Tegra-Android
		Release Multithreaded|Win32 = Release Multithreaded|Win32
		Release Multithreaded|x64 = Release Multithreaded|x64
		Release Singlethreaded|Any CPU = Release Singlethreaded|Any CPU
		Release Singlethreaded|Mixed Platforms = Release Singlethreaded|Mixed Platforms
		Release Singlethreaded|Tegra-Android = Release Singlethreaded|Tegra-Android
		Release Singlethreaded|Win32 = Release Singlethreaded|Win32
		Release Singlethreaded|x64 = Release Singlethreaded|x64
		Release|Any CPU = Release|Any CPU
		Release|Mixed Platforms = Release|Mixed Platforms
		Release|Tegra-Android = Release|Tegra-Android
		Release|Win32 = Release|Win32
		Release|x64 = Release|x64
	EndGlobalSection
	GlobalSection(ProjectConfigurationPlatforms) = postSolution
		{E497E48B-462A-4C74-812F-932E5D53B835}.Debug Multithreaded|Any CPU.ActiveCfg = Debug|Win32
		{E497E48B-462A-4C74-812F-932E5D53B835}.Debug Multithreaded|Mixed Platforms.ActiveCfg = Debug|Tegra-Android
		{E497E48B-462A-4C74-812F-932E5D53B835}.Debug Multithreaded|Mixed Platforms.Build.0 = Debug|Tegra-Android
		{E497E48B-462A-4C74-812F-932E5D53B835}.Debug Multithreaded|Tegra-Android.ActiveCfg = Debug|Tegra-Android
		{E497E48B-462A-4C74-812F-932E5D53B835}.Debug Multithreaded|Tegra-Android.Build.0 = Debug|Tegra-Android
		{E497E48B-462A-4C74-812F-932E5D53B835}.Debug Multithreaded|Win32.ActiveCfg = Debug|Tegra-Android
		{E497E48B-462A-4C74-812F-932E5D53B835}.Debug Multithreaded|x64.ActiveCfg = Debug|Tegra-Android
		{E497E48B-462A-4C74-812F-932E5D53B835}.Debug Singlethreaded|Any CPU.ActiveCfg = Debug|Win32
		{E497E48B-462A-4C74-812F-932E5D53B835}.Debug Singlethreaded|Mixed Platforms.ActiveCfg = Debug|Tegra-Android
		{E497E48B-462A-4C74-812F-932E5D53B835}.Debug Singlethreaded|Mixed Platforms.Build.0 = Debug|Tegra-Android
		{E497E48B-462A-4C74-812F-932E5D53B835}.Debug Singlethreaded|Tegra-Android.ActiveCfg = Debug|Tegra-Android
		{E497E48B-462A-4C74-812F-932E5D53B835}.Debug Singlethreaded|Tegra-Android.Build.0 = Debug|Tegra-Android
		{E497E48B-462A-4C74-812F-932E5D53B835}.Debug Singlethreaded|Win32.ActiveCfg = Debug|Tegra-Android
		{E497E48B-462A-4C74-812F-932E5D53B835}.Debug Singlethreaded|x64.ActiveCfg = Debug|Tegra-Android
		{E497E48B-462A-4C74-812F-932E5D53B835}.Debug|Any CPU.ActiveCfg = Debug|Win32
		{E497E48B-462A-4C74-812F-932E5D53B835}.Debug|Mixed Platforms.ActiveCfg = Debug|Tegra-Android
		{E497E48B-462A-4C74-812F-932E5D53B835}.Debug|Mixed Platforms.Build.0 = Debug|Tegra-Android
		{E497E48B-462A-4C74-812F-932E5D53B835}.Debug|Tegra-Android.ActiveCfg = Debug|Tegra-Android
		{E497E48B-462A-4C74-812F-932E5D53B835}.Debug|Tegra-Android.Build.0 = Debug|Tegra-Android
		{E497E48B-462A-4C74-812F-932E5D53B835}.Debug|Win32.ActiveCfg = Debug|Win32
		{E497E48B-462A-4C74-812F-932E5D53B835}.Debug|Win32.Build.0 = Debug|Win32
		{E497E48B-462A-4C74-812F-932E5D53B835}.Debug|x64.ActiveCfg = Debug|Win32
		{E497E48B-462A-4C74-812F-932E5D53B835}.EngineDLL|Any CPU.ActiveCfg = EngineDLL|Win32
		{E497E48B-462A-4C74-812F-932E5D53B835}.EngineDLL|Mixed Platforms.ActiveCfg = EngineDLL|Win32
		{E497E48B-462A-4C74-812F-932E5D53B835}.EngineDLL|Mixed Platforms.Build.0 = EngineDLL|Win32
		{E497E48B-462A-4C74-812F-932E5D53B835}.EngineDLL|Tegra-Android.ActiveCfg = EngineDLL|Tegra-Android
		{E497E48B-462A-4C74-812F-932E5D53B835}.EngineDLL|Tegra-Android.Build.0 = EngineDLL|Tegra-Android
		{E497E48B-462A-4C74-812F-932E5D53B835}.EngineDLL|Win32.ActiveCfg = EngineDLL|Win32
		{E497E48B-462A-4C74-812F-932E5D53B835}.EngineDLL|x64.ActiveCfg = EngineDLL|Win32
		{E497E48B-462A-4C74-812F-932E5D53B835}.Release Multithreaded|Any CPU.ActiveCfg = Release|Win32
		{E497E48B-462A-4C74-812F-932E5D53B835}.Release Multithreaded|Mixed Platforms.ActiveCfg = Release|Tegra-Android
		{E497E48B-462A-4C74-812F-932E5D53B835}.Release Multithreaded|Mixed Platforms.Build.0 = Release|Tegra-Android
		{E497E48B-462A-4C74-812F-932E5D53B835}.Release Multithreaded|Tegra-Android.ActiveCfg = Release|Tegra-Android
		{E497E48B-462A-4C74-812F-932E5D53B835}.Release Multithreaded|Tegra-Android.Build.0 = Release|Tegra-Android
		{E497E48B-462A-4C74-812F-932E5D53B835}.Release Multithreaded|Win32.ActiveCfg = Release|Tegra-Android
		{E497E48B-462A-4C74-812F-932E5D53B835}.Release Multithreaded|x64.ActiveCfg = Release|Tegra-Android
		{E497E48B-462A-4C74-812F-932E5D53B835}.Release Singlethreaded|Any CPU.ActiveCfg = Release|Win32
		{E497E48B-462A-4C74-812F-932E5D53B835}.Release Singlethreaded|Mixed Platforms.ActiveCfg = Release|Tegra-Android
		{E497E48B-462A-4C74-812F-932E5D53B835}.Release Singlethreaded|Mixed Platforms.Build.0 = Release|Tegra-Android
		{E497E48B-462A-4C74-812F-932E5D53B835}.Release Singlethreaded|Tegra-Android.ActiveCfg = Release|Tegra-Android
		{E497E48B-462A-4C74-812F-932E5D53B835}.Release Singlethreaded|Tegra-Android.Build.0 = Release|Tegra-Android
		{E497E48B-462A-4C74-812F-932E5D53B835}.Release Singlethreaded|Win32.ActiveCfg = Release|Tegra-Android
		{E497E48B-462A-4C74-812F-932E5D53B835}.Release Singlethreaded|x64.ActiveCfg = Release|Tegra-Android
		{E497E48B-462A-4C74-812F-932E5D53B835}.Release|Any CPU.ActiveCfg = Release|Win32
		{E497E48B-462A-4C74-812F-932E5D53B835}.Release|Mixed Platforms.ActiveCfg = Release|Tegra-Android
		{E497E48B-462A-4C74-812F-932E5D53B835}.Release|Mixed Platforms.Build.0 = Release|Tegra-Android
		{E497E48B-462A-4C74-812F-932E5D53B835}.Release|Tegra-Android.ActiveCfg = Release|Tegra-Android
		{E497E48B-462A-4C74-812F-932E5D53B835}.Release|Tegra-Android.Build.0 = Release|Tegra-Android
		{E497E48B-462A-4C74-812F-932E5D53B835}.Release|Win32.ActiveCfg = Release|Win32
		{E497E48B-462A-4C74-812F-932E5D53B835}.Release|Win32.Build.0 = Release|Win32
		{E497E48B-462A-4C74-812F-932E5D53B835}.Release|x64.ActiveCfg = Release|Tegra-Android
		{32691AED-FF9C-4E80-BA0E-65A9F2B75216}.Debug Multithreaded|Any CPU.ActiveCfg = Debug|Win32
		{32691AED-FF9C-4E80-BA0E-65A9F2B75216}.Debug Multithreaded|Mixed Platforms.ActiveCfg = Debug|Tegra-Android
		{32691AED-FF9C-4E80-BA0E-65A9F2B75216}.Debug Multithreaded|Mixed Platforms.Build.0 = Debug|Tegra-Android
		{32691AED-FF9C-4E80-BA0E-65A9F2B75216}.Debug Multithreaded|Tegra-Android.ActiveCfg = Debug|Tegra-Android
		{32691AED-FF9C-4E80-BA0E-65A9F2B75216}.Debug Multithreaded|Tegra-Android.Build.0 = Debug|Tegra-Android
		{32691AED-FF9C-4E80-BA0E-65A9F2B75216}.Debug Multithreaded|Win32.ActiveCfg = Debug|Tegra-Android
		{32691AED-FF9C-4E80-BA0E-65A9F2B75216}.Debug Multithreaded|x64.ActiveCfg = Debug|Tegra-Android
		{32691AED-FF9C-4E80-BA0E-65A9F2B75216}.Debug Singlethreaded|Any CPU.ActiveCfg = Debug|Win32
		{32691AED-FF9C-4E80-BA0E-65A9F2B75216}.Debug Singlethreaded|Mixed Platforms.ActiveCfg = Debug|Tegra-Android
		{32691AED-FF9C-4E80-BA0E-65A9F2B75216}.Debug Singlethreaded|Mixed Platforms.Build.0 = Debug|Tegra-Android
		{32691AED-FF9C-4E80-BA0E-65A9F2B75216}.Debug Singlethreaded|Tegra-Android.ActiveCfg = Debug|Tegra-Android
		{32691AED-FF9C-4E80-BA0E-65A9F2B75216}.Debug Singlethreaded|Tegra-Android.Build.0 = Debug|Tegra-Android
		{32691AED-FF9C-4E80-BA0E-65A9F2B75216}.Debug Singlethreaded|Win32.ActiveCfg = Debug|Tegra-Android
		{32691AED-FF9C-4E80-BA0E-65A9F2B75216}.Debug Singlethreaded|x64.ActiveCfg = Debug|Tegra-Android
		{32691AED-FF9C-4E80-BA0E-65A9F2B75216}.Debug|Any CPU.ActiveCfg = Debug|Win32
		{32691AED-FF9C-4E80-BA0E-65A9F2B75216}.Debug|Mixed Platforms.ActiveCfg = Debug|Tegra-Android
		{32691AED-FF9C-4E80-BA0E-65A9F2B75216}.Debug|Mixed Platforms.Build.0 = Debug|Tegra-Android
		{32691AED-FF9C-4E80-BA0E-65A9F2B75216}.Debug|Tegra-Android.ActiveCfg = Debug|Tegra-Android
		{32691AED-FF9C-4E80-BA0E-65A9F2B75216}.Debug|Tegra-Android.Build.0 = Debug|Tegra-Android
		{32691AED-FF9C-4E80-BA0E-65A9F2B75216}.Debug|Win32.ActiveCfg = Debug|Win32
		{32691AED-FF9C-4E80-BA0E-65A9F2B75216}.Debug|Win32.Build.0 = Debug|Win32
		{32691AED-FF9C-4E80-BA0E-65A9F2B75216}.Debug|x64.ActiveCfg = Debug|Win32
		{32691AED-FF9C-4E80-BA0E-65A9F2B75216}.EngineDLL|Any CPU.ActiveCfg = EngineDLL|Win32
		{32691AED-FF9C-4E80-BA0E-65A9F2B75216}.EngineDLL|Mixed Platforms.ActiveCfg = EngineDLL|Win32
		{32691AED-FF9C-4E80-BA0E-65A9F2B75216}.EngineDLL|Mixed Platforms.Build.0 = EngineDLL|Win32
		{32691AED-FF9C-4E80-BA0E-65A9F2B75216}.EngineDLL|Tegra-Android.ActiveCfg = EngineDLL|Tegra-Android
		{32691AED-FF9C-4E80-BA0E-65A9F2B75216}.EngineDLL|Tegra-Android.Build.0 = EngineDLL|Tegra-Android
		{32691AED-FF9C-4E80-BA0E-65A9F2B75216}.EngineDLL|Win32.ActiveCfg = EngineDLL|Win32
		{32691AED-FF9C-4E80-BA0E-65A9F2B75216}.EngineDLL|Win32.Build.0 = EngineDLL|Win32
		{32691AED-FF9C-4E80-BA0E-65A9F2B75216}.EngineDLL|x64.ActiveCfg = EngineDLL|Win32
		{32691AED-FF9C-4E80-BA0E-65A9F2B75216}.Release Multithreaded|Any CPU.ActiveCfg = Release|Win32
		{32691AED-FF9C-4E80-BA0E-65A9F2B75216}.Release Multithreaded|Mixed Platforms.ActiveCfg = Release|Tegra-Android
		{32691AED-FF9C-4E80-BA0E-65A9F2B75216}.Release Multithreaded|Mixed Platforms.Build.0 = Release|Tegra-Android
		{32691AED-FF9C-4E80-BA0E-65A9F2B75216}.Release Multithreaded|Tegra-Android.ActiveCfg = Release|Tegra-Android
		{32691AED-FF9C-4E80-BA0E-65A9F2B75216}.Release Multithreaded|Tegra-Android.Build.0 = Release|Tegra-Android
		{32691AED-FF9C-4E80-BA0E-65A9F2B75216}.Release Multithreaded|Win32.ActiveCfg = Release|Tegra-Android
		{32691AED-FF9C-4E80-BA0E-65A9F2B75216}.Release Multithreaded|x64.ActiveCfg = Release|Tegra-Android
		{32691AED-FF9C-4E80-BA0E-65A9F2B75216}.Release Singlethreaded|Any CPU.ActiveCfg = Release|Win32
		{32691AED-FF9C-4E80-BA0E-65A9F2B75216}.Release Singlethreaded|Mixed Platforms.ActiveCfg = Release|Tegra-Android
		{32691AED-FF9C-4E80-BA0E-65A9F2B75216}.Release Singlethreaded|Mixed Platforms.Build.0 = Release|Tegra-Android
		{32691AED-FF9C-4E80-BA0E-65A9F2B75216}.Release Singlethreaded|Tegra-Android.ActiveCfg = Release|Tegra-Android
		{32691AED-FF9C-4E80-BA0E-65A9F2B75216}.Release Singlethreaded|Tegra-Android.Build.0 = Release|Tegra-Android
		{32691AED-FF9C-4E80-BA0E-65A9F2B75216}.Release Singlethreaded|Win32.ActiveCfg = Release|Tegra-Android
		{32691AED-FF9C-4E80-BA0E-65A9F2B75216}.Release Singlethreaded|x64.ActiveCfg = Release|Tegra-Android
		{32691AED-FF9C-4E80-BA0E-65A9F2B75216}.Release|Any CPU.ActiveCfg = Release|Win32
		{32691AED-FF9C-4E80-BA0E-65A9F2B75216}.Release|Mixed Platforms.ActiveCfg = Release|Tegra-Android
		{32691AED-FF9C-4E80-BA0E-65A9F2B75216}.Release|Mixed Platforms.Build.0 = Release|Tegra-Android
		{32691AED-FF9C-4E80-BA0E-65A9F2B75216}.Release|Tegra-Android.ActiveCfg = Release|Tegra-Android
		{32691AED-FF9C-4E80-BA0E-65A9F2B75216}.Release|Tegra-Android.Build.0 = Release|Tegra-Android
		{32691AED-FF9C-4E80-BA0E-65A9F2B75216}.Release|Win32.ActiveCfg = Release|Win32
		{32691AED-FF9C-4E80-BA0E-65A9F2B75216}.Release|Win32.Build.0 = Release|Win32
		{32691AED-FF9C-4E80-BA0E-65A9F2B75216}.Release|x64.ActiveCfg = Release|Tegra-Android
		{78B079BD-9FC7-4B9E-B4A6-96DA0F00248B}.Debug Multithreaded|Any CPU.ActiveCfg = Debug Multithreaded|Win32
		{78B079BD-9FC7-4B9E-B4A6-96DA0F00248B}.Debug Multithreaded|Mixed Platforms.ActiveCfg = Debug Multithreaded|Tegra-Android
		{78B079BD-9FC7-4B9E-B4A6-96DA0F00248B}.Debug Multithreaded|Mixed Platforms.Build.0 = Debug Multithreaded|Tegra-Android
		{78B079BD-9FC7-4B9E-B4A6-96DA0F00248B}.Debug Multithreaded|Tegra-Android.ActiveCfg = Debug Multithreaded|Tegra-Android
		{78B079BD-9FC7-4B9E-B4A6-96DA0F00248B}.Debug Multithreaded|Tegra-Android.Build.0 = Debug Multithreaded|Tegra-Android
		{78B079BD-9FC7-4B9E-B4A6-96DA0F00248B}.Debug Multithreaded|Win32.ActiveCfg = Debug Multithreaded|Tegra-Android
		{78B079BD-9FC7-4B9E-B4A6-96DA0F00248B}.Debug Multithreaded|x64.ActiveCfg = Debug Multithreaded|Tegra-Android
		{78B079BD-9FC7-4B9E-B4A6-96DA0F00248B}.Debug Singlethreaded|Any CPU.ActiveCfg = Debug Singlethreaded|Win32
		{78B079BD-9FC7-4B9E-B4A6-96DA0F00248B}.Debug Singlethreaded|Mixed Platforms.ActiveCfg = Debug Singlethreaded|Tegra-Android
		{78B079BD-9FC7-4B9E-B4A6-96DA0F00248B}.Debug Singlethreaded|Mixed Platforms.Build.0 = Debug Singlethreaded|Tegra-Android
		{78B079BD-9FC7-4B9E-B4A6-96DA0F00248B}.Debug Singlethreaded|Tegra-Android.ActiveCfg = Debug Singlethreaded|Tegra-Android
		{78B079BD-9FC7-4B9E-B4A6-96DA0F00248B}.Debug Singlethreaded|Tegra-Android.Build.0 = Debug Singlethreaded|Tegra-Android
		{78B079BD-9FC7-4B9E-B4A6-96DA0F00248B}.Debug Singlethreaded|Win32.ActiveCfg = Debug Singlethreaded|Tegra-Android
		{78B079BD-9FC7-4B9E-B4A6-96DA0F00248B}.Debug Singlethreaded|x64.ActiveCfg = Debug Singlethreaded|Tegra-Android
		{78B079BD-9FC7-4B9E-B4A6-96DA0F00248B}.Debug|Any CPU.ActiveCfg = Debug|Win32
		{78B079BD-9FC7-4B9E-B4A6-96DA0F00248B}.Debug|Mixed Platforms.ActiveCfg = Debug|Tegra-Android
		{78B079BD-9FC7-4B9E-B4A6-96DA0F00248B}.Debug|Mixed Platforms.Build.0 = Debug|Tegra-Android
		{78B079BD-9FC7-4B9E-B4A6-96DA0F00248B}.Debug|Tegra-Android.ActiveCfg = Debug|Tegra-Android
		{78B079BD-9FC7-4B9E-B4A6-96DA0F00248B}.Debug|Tegra-Android.Build.0 = Debug|Tegra-Android
		{78B079BD-9FC7-4B9E-B4A6-96DA0F00248B}.Debug|Win32.ActiveCfg = Debug|Win32
		{78B079BD-9FC7-4B9E-B4A6-96DA0F00248B}.Debug|Win32.Build.0 = Debug|Win32
		{78B079BD-9FC7-4B9E-B4A6-96DA0F00248B}.Debug|x64.ActiveCfg = Debug|Win32
		{78B079BD-9FC7-4B9E-B4A6-96DA0F00248B}.EngineDLL|Any CPU.ActiveCfg = EngineDLL|Win32
		{78B079BD-9FC7-4B9E-B4A6-96DA0F00248B}.EngineDLL|Mixed Platforms.ActiveCfg = EngineDLL|Win32
		{78B079BD-9FC7-4B9E-B4A6-96DA0F00248B}.EngineDLL|Mixed Platforms.Build.0 = EngineDLL|Win32
		{78B079BD-9FC7-4B9E-B4A6-96DA0F00248B}.EngineDLL|Tegra-Android.ActiveCfg = EngineDLL|Tegra-Android
		{78B079BD-9FC7-4B9E-B4A6-96DA0F00248B}.EngineDLL|Tegra-Android.Build.0 = EngineDLL|Tegra-Android
		{78B079BD-9FC7-4B9E-B4A6-96DA0F00248B}.EngineDLL|Win32.ActiveCfg = EngineDLL|Win32
		{78B079BD-9FC7-4B9E-B4A6-96DA0F00248B}.EngineDLL|Win32.Build.0 = EngineDLL|Win32
		{78B079BD-9FC7-4B9E-B4A6-96DA0F00248B}.EngineDLL|x64.ActiveCfg = EngineDLL|Win32
		{78B079BD-9FC7-4B9E-B4A6-96DA0F00248B}.Release Multithreaded|Any CPU.ActiveCfg = Release Multithreaded|Win32
		{78B079BD-9FC7-4B9E-B4A6-96DA0F00248B}.Release Multithreaded|Mixed Platforms.ActiveCfg = Release Multithreaded|Tegra-Android
		{78B079BD-9FC7-4B9E-B4A6-96DA0F00248B}.Release Multithreaded|Mixed Platforms.Build.0 = Release Multithreaded|Tegra-Android
		{78B079BD-9FC7-4B9E-B4A6-96DA0F00248B}.Release Multithreaded|Tegra-Android.ActiveCfg = Release Multithreaded|Tegra-Android
		{78B079BD-9FC7-4B9E-B4A6-96DA0F00248B}.Release Multithreaded|Tegra-Android.Build.0 = Release Multithreaded|Tegra-Android
		{78B079BD-9FC7-4B9E-B4A6-96DA0F00248B}.Release Multithreaded|Win32.ActiveCfg = Release Multithreaded|Tegra-Android
		{78B079BD-9FC7-4B9E-B4A6-96DA0F00248B}.Release Multithreaded|x64.ActiveCfg = Release Multithreaded|Tegra-Android
		{78B079BD-9FC7-4B9E-B4A6-96DA0F00248B}.Release Singlethreaded|Any CPU.ActiveCfg = Release Singlethreaded|Win32
		{78B079BD-9FC7-4B9E-B4A6-96DA0F00248B}.Release Singlethreaded|Mixed Platforms.ActiveCfg = Release Singlethreaded|Tegra-Android
		{78B079BD-9FC7-4B9E-B4A6-96DA0F00248B}.Release Singlethreaded|Mixed Platforms.Build.0 = Release Singlethreaded|Tegra-Android
		{78B079BD-9FC7-4B9E-B4A6-96DA0F00248B}.Release Singlethreaded|Tegra-Android.ActiveCfg = Release Singlethreaded|Tegra-Android
		{78B079BD-9FC7-4B9E-B4A6-96DA0F00248B}.Release Singlethreaded|Tegra-Android.Build.0 = Release Singlethreaded|Tegra-Android
		{78B079BD-9FC7-4B9E-B4A6-96DA0F00248B}.Release Singlethreaded|Win32.ActiveCfg = Release Singlethreaded|Tegra-Android
		{78B079BD-9FC7-4B9E-B4A6-96DA0F00248B}.Release Singlethreaded|x64.ActiveCfg = Release Singlethreaded|Tegra-Android
		{78B079BD-9FC7-4B9E-B4A6-96DA0F00248B}.Release|Any CPU.ActiveCfg = Release|Win32
		{78B079BD-9FC7-4B9E-B4A6-96DA0F00248B}.Release|Mixed Platforms.ActiveCfg = Release|Tegra-Android
		{78B079BD-9FC7-4B9E-B4A6-96DA0F00248B}.Release|Mixed Platforms.Build.0 = Release|Tegra-Android
		{78B079BD-9FC7-4B9E-B4A6-96DA0F00248B}.Release|Tegra-Android.ActiveCfg = Release|Tegra-Android
		{78B079BD-9FC7-4B9E-B4A6-96DA0F00248B}.Release|Tegra-Android.Build.0 = Release|Tegra-Android
		{78B079BD-9FC7-4B9E-B4A6-96DA0F00248B}.Release|Win32.ActiveCfg = Release|Win32
		{78B079BD-9FC7-4B9E-B4A6-96DA0F00248B}.Release|Win32.Build.0 = Release|Win32
		{78B079BD-9FC7-4B9E-B4A6-96DA0F00248B}.Release|x64.ActiveCfg = Release|Tegra-Android
		{98400D17-43A5-1A40-95BE-C53AC78E7694}.Debug Multithreaded|Any CPU.ActiveCfg = Debug|Win32
		{98400D17-43A5-1A40-95BE-C53AC78E7694}.Debug Multithreaded|Mixed Platforms.ActiveCfg = Debug|Win32
		{98400D17-43A5-1A40-95BE-C53AC78E7694}.Debug Multithreaded|Mixed Platforms.Build.0 = Debug|Win32
		{98400D17-43A5-1A40-95BE-C53AC78E7694}.Debug Multithreaded|Tegra-Android.ActiveCfg = Debug|Win32
		{98400D17-43A5-1A40-95BE-C53AC78E7694}.Debug Multithreaded|Win32.ActiveCfg = Debug|Win32
		{98400D17-43A5-1A40-95BE-C53AC78E7694}.Debug Multithreaded|Win32.Build.0 = Debug|Win32
		{98400D17-43A5-1A40-95BE-C53AC78E7694}.Debug Multithreaded|x64.ActiveCfg = Debug|x64
		{98400D17-43A5-1A40-95BE-C53AC78E7694}.Debug Multithreaded|x64.Build.0 = Debug|x64
		{98400D17-43A5-1A40-95BE-C53AC78E7694}.Debug Singlethreaded|Any CPU.ActiveCfg = Debug|Win32
		{98400D17-43A5-1A40-95BE-C53AC78E7694}.Debug Singlethreaded|Mixed Platforms.ActiveCfg = Debug|Win32
		{98400D17-43A5-1A40-95BE-C53AC78E7694}.Debug Singlethreaded|Mixed Platforms.Build.0 = Debug|Win32
		{98400D17-43A5-1A40-95BE-C53AC78E7694}.Debug Singlethreaded|Tegra-Android.ActiveCfg = Debug|Win32
		{98400D17-43A5-1A40-95BE-C53AC78E7694}.Debug Singlethreaded|Win32.ActiveCfg = Debug|Win32
		{98400D17-43A5-1A40-95BE-C53AC78E7694}.Debug Singlethreaded|Win32.Build.0 = Debug|Win32
		{98400D17-43A5-1A40-95BE-C53AC78E7694}.Debug Singlethreaded|x64.ActiveCfg = Debug|x64
		{98400D17-43A5-1A40-95BE-C53AC78E7694}.Debug Singlethreaded|x64.Build.0 = Debug|x64
		{98400D17-43A5-1A40-95BE-C53AC78E7694}.Debug|Any CPU.ActiveCfg = Debug|Win32
		{98400D17-43A5-1A40-95BE-C53AC78E7694}.Debug|Mixed Platforms.ActiveCfg = Debug|Win32
		{98400D17-43A5-1A40-95BE-C53AC78E7694}.Debug|Mixed Platforms.Build.0 = Debug|Win32
		{98400D17-43A5-1A40-95BE-C53AC78E7694}.Debug|Tegra-Android.ActiveCfg = Debug|Tegra-Android
		{98400D17-43A5-1A40-95BE-C53AC78E7694}.Debug|Tegra-Android.Build.0 = Debug|Tegra-Android
		{98400D17-43A5-1A40-95BE-C53AC78E7694}.Debug|Win32.ActiveCfg = Debug|Win32
		{98400D17-43A5-1A40-95BE-C53AC78E7694}.Debug|Win32.Build.0 = Debug|Win32
		{98400D17-43A5-1A40-95BE-C53AC78E7694}.Debug|x64.ActiveCfg = Debug|x64
		{98400D17-43A5-1A40-95BE-C53AC78E7694}.Debug|x64.Build.0 = Debug|x64
		{98400D17-43A5-1A40-95BE-C53AC78E7694}.EngineDLL|Any CPU.ActiveCfg = EngineDLL|Win32
		{98400D17-43A5-1A40-95BE-C53AC78E7694}.EngineDLL|Mixed Platforms.ActiveCfg = EngineDLL|Win32
		{98400D17-43A5-1A40-95BE-C53AC78E7694}.EngineDLL|Mixed Platforms.Build.0 = EngineDLL|Win32
		{98400D17-43A5-1A40-95BE-C53AC78E7694}.EngineDLL|Tegra-Android.ActiveCfg = EngineDLL|Tegra-Android
		{98400D17-43A5-1A40-95BE-C53AC78E7694}.EngineDLL|Tegra-Android.Build.0 = EngineDLL|Tegra-Android
		{98400D17-43A5-1A40-95BE-C53AC78E7694}.EngineDLL|Win32.ActiveCfg = EngineDLL|Win32
		{98400D17-43A5-1A40-95BE-C53AC78E7694}.EngineDLL|Win32.Build.0 = EngineDLL|Win32
		{98400D17-43A5-1A40-95BE-C53AC78E7694}.EngineDLL|x64.ActiveCfg = EngineDLL|x64
		{98400D17-43A5-1A40-95BE-C53AC78E7694}.EngineDLL|x64.Build.0 = EngineDLL|x64
		{98400D17-43A5-1A40-95BE-C53AC78E7694}.Release Multithreaded|Any CPU.ActiveCfg = Release|Win32
		{98400D17-43A5-1A40-95BE-C53AC78E7694}.Release Multithreaded|Mixed Platforms.ActiveCfg = Release|Win32
		{98400D17-43A5-1A40-95BE-C53AC78E7694}.Release Multithreaded|Mixed Platforms.Build.0 = Release|Win32
		{98400D17-43A5-1A40-95BE-C53AC78E7694}.Release Multithreaded|Tegra-Android.ActiveCfg = Release|Win32
		{98400D17-43A5-1A40-95BE-C53AC78E7694}.Release Multithreaded|Win32.ActiveCfg = Release|Win32
		{98400D17-43A5-1A40-95BE-C53AC78E7694}.Release Multithreaded|Win32.Build.0 = Release|Win32
		{98400D17-43A5-1A40-95BE-C53AC78E7694}.Release Multithreaded|x64.ActiveCfg = Release|x64
		{98400D17-43A5-1A40-95BE-C53AC78E7694}.Release Multithreaded|x64.Build.0 = Release|x64
		{98400D17-43A5-1A40-95BE-C53AC78E7694}.Release Singlethreaded|Any CPU.ActiveCfg = Release|Win32
		{98400D17-43A5-1A40-95BE-C53AC78E7694}.Release Singlethreaded|Mixed Platforms.ActiveCfg = Release|Win32
		{98400D17-43A5-1A40-95BE-C53AC78E7694}.Release Singlethreaded|Mixed Platforms.Build.0 = Release|Win32
		{98400D17-43A5-1A40-95BE-C53AC78E7694}.Release Singlethreaded|Tegra-Android.ActiveCfg = Release|Win32
		{98400D17-43A5-1A40-95BE-C53AC78E7694}.Release Singlethreaded|Win32.ActiveCfg = Release|Win32
		{98400D17-43A5-1A40-95BE-C53AC78E7694}.Release Singlethreaded|Win32.Build.0 = Release|Win32
		{98400D17-43A5-1A40-95BE-C53AC78E7694}.Release Singlethreaded|x64.ActiveCfg = Release|x64
		{98400D17-43A5-1A40-95BE-C53AC78E7694}.Release Singlethreaded|x64.Build.0 = Release|x64
		{98400D17-43A5-1A40-95BE-C53AC78E7694}.Release|Any CPU.ActiveCfg = Release|Win32
		{98400D17-43A5-1A40-95BE-C53AC78E7694}.Release|Mixed Platforms.ActiveCfg = Release|Win32
		{98400D17-43A5-1A40-95BE-C53AC78E7694}.Release|Mixed Platforms.Build.0 = Release|Win32
		{98400D17-43A5-1A40-95BE-C53AC78E7694}.Release|Tegra-Android.ActiveCfg = Release|Tegra-Android
		{98400D17-43A5-1A40-95BE-C53AC78E7694}.Release|Tegra-Android.Build.0 = Release|Tegra-Android
		{98400D17-43A5-1A40-95BE-C53AC78E7694}.Release|Win32.ActiveCfg = Release|Win32
		{98400D17-43A5-1A40-95BE-C53AC78E7694}.Release|Win32.Build.0 = Release|Win32
		{98400D17-43A5-1A40-95BE-C53AC78E7694}.Release|x64.ActiveCfg = Release|x64
		{98400D17-43A5-1A40-95BE-C53AC78E7694}.Release|x64.Build.0 = Release|x64
		{7ED40372-DA19-4CB4-95AC-A0F44AD39924}.Debug Multithreaded|Any CPU.ActiveCfg = Debug|Any CPU
		{7ED40372-DA19-4CB4-95AC-A0F44AD39924}.Debug Multithreaded|Any CPU.Build.0 = Debug|Any CPU
		{7ED40372-DA19-4CB4-95AC-A0F44AD39924}.Debug Multithreaded|Mixed Platforms.ActiveCfg = Debug|Any CPU
		{7ED40372-DA19-4CB4-95AC-A0F44AD39924}.Debug Multithreaded|Mixed Platforms.Build.0 = Debug|Any CPU
		{7ED40372-DA19-4CB4-95AC-A0F44AD39924}.Debug Multithreaded|Tegra-Android.ActiveCfg = Debug|Any CPU
		{7ED40372-DA19-4CB4-95AC-A0F44AD39924}.Debug Multithreaded|Win32.ActiveCfg = Debug|Any CPU
		{7ED40372-DA19-4CB4-95AC-A0F44AD39924}.Debug Multithreaded|x64.ActiveCfg = Debug|Any CPU
		{7ED40372-DA19-4CB4-95AC-A0F44AD39924}.Debug Singlethreaded|Any CPU.ActiveCfg = Debug|Any CPU
		{7ED40372-DA19-4CB4-95AC-A0F44AD39924}.Debug Singlethreaded|Any CPU.Build.0 = Debug|Any CPU
		{7ED40372-DA19-4CB4-95AC-A0F44AD39924}.Debug Singlethreaded|Mixed Platforms.ActiveCfg = Debug|Any CPU
		{7ED40372-DA19-4CB4-95AC-A0F44AD39924}.Debug Singlethreaded|Mixed Platforms.Build.0 = Debug|Any CPU
		{7ED40372-DA19-4CB4-95AC-A0F44AD39924}.Debug Singlethreaded|Tegra-Android.ActiveCfg = Debug|Any CPU
		{7ED40372-DA19-4CB4-95AC-A0F44AD39924}.Debug Singlethreaded|Win32.ActiveCfg = Debug|Any CPU
		{7ED40372-DA19-4CB4-95AC-A0F44AD39924}.Debug Singlethreaded|x64.ActiveCfg = Debug|Any CPU
		{7ED40372-DA19-4CB4-95AC-A0F44AD39924}.Debug|Any CPU.ActiveCfg = Debug|Any CPU
		{7ED40372-DA19-4CB4-95AC-A0F44AD39924}.Debug|Any CPU.Build.0 = Debug|Any CPU
		{7ED40372-DA19-4CB4-95AC-A0F44AD39924}.Debug|Mixed Platforms.ActiveCfg = Debug|Any CPU
		{7ED40372-DA19-4CB4-95AC-A0F44AD39924}.Debug|Mixed Platforms.Build.0 = Debug|Any CPU
		{7ED40372-DA19-4CB4-95AC-A0F44AD39924}.Debug|Tegra-Android.ActiveCfg = Debug|Any CPU
		{7ED40372-DA19-4CB4-95AC-A0F44AD39924}.Debug|Win32.ActiveCfg = Debug|Any CPU
		{7ED40372-DA19-4CB4-95AC-A0F44AD39924}.Debug|x64.ActiveCfg = Debug|Any CPU
		{7ED40372-DA19-4CB4-95AC-A0F44AD39924}.EngineDLL|Any CPU.ActiveCfg = Release|Any CPU
		{7ED40372-DA19-4CB4-95AC-A0F44AD39924}.EngineDLL|Any CPU.Build.0 = Release|Any CPU
		{7ED40372-DA19-4CB4-95AC-A0F44AD39924}.EngineDLL|Mixed Platforms.ActiveCfg = Release|Any CPU
		{7ED40372-DA19-4CB4-95AC-A0F44AD39924}.EngineDLL|Mixed Platforms.Build.0 = Release|Any CPU
		{7ED40372-DA19-4CB4-95AC-A0F44AD39924}.EngineDLL|Tegra-Android.ActiveCfg = Release|Any CPU
		{7ED40372-DA19-4CB4-95AC-A0F44AD39924}.EngineDLL|Win32.ActiveCfg = Release|Any CPU
		{7ED40372-DA19-4CB4-95AC-A0F44AD39924}.EngineDLL|x64.ActiveCfg = Release|Any CPU
		{7ED40372-DA19-4CB4-95AC-A0F44AD39924}.Release Multithreaded|Any CPU.ActiveCfg = Release|Any CPU
		{7ED40372-DA19-4CB4-95AC-A0F44AD39924}.Release Multithreaded|Any CPU.Build.0 = Release|Any CPU
		{7ED40372-DA19-4CB4-95AC-A0F44AD39924}.Release Multithreaded|Mixed Platforms.ActiveCfg = Release|Any CPU
		{7ED40372-DA19-4CB4-95AC-A0F44AD39924}.Release Multithreaded|Mixed Platforms.Build.0 = Release|Any CPU
		{7ED40372-DA19-4CB4-95AC-A0F44AD39924}.Release Multithreaded|Tegra-Android.ActiveCfg = Release|Any CPU
		{7ED40372-DA19-4CB4-95AC-A0F44AD39924}.Release Multithreaded|Win32.ActiveCfg = Release|Any CPU
		{7ED40372-DA19-4CB4-95AC-A0F44AD39924}.Release Multithreaded|x64.ActiveCfg = Release|Any CPU
		{7ED40372-DA19-4CB4-95AC-A0F44AD39924}.Release Singlethreaded|Any CPU.ActiveCfg = Release|Any CPU
		{7ED40372-DA19-4CB4-95AC-A0F44AD39924}.Release Singlethreaded|Any CPU.Build.0 = Release|Any CPU
		{7ED40372-DA19-4CB4-95AC-A0F44AD39924}.Release Singlethreaded|Mixed Platforms.ActiveCfg = Release|Any CPU
		{7ED40372-DA19-4CB4-95AC-A0F44AD39924}.Release Singlethreaded|Mixed Platforms.Build.0 = Release|Any CPU
		{7ED40372-DA19-4CB4-95AC-A0F44AD39924}.Release Singlethreaded|Tegra-Android.ActiveCfg = Release|Any CPU
		{7ED40372-DA19-4CB4-95AC-A0F44AD39924}.Release Singlethreaded|Win32.ActiveCfg = Release|Any CPU
		{7ED40372-DA19-4CB4-95AC-A0F44AD39924}.Release Singlethreaded|x64.ActiveCfg = Release|Any CPU
		{7ED40372-DA19-4CB4-95AC-A0F44AD39924}.Release|Any CPU.ActiveCfg = Release|Any CPU
		{7ED40372-DA19-4CB4-95AC-A0F44AD39924}.Release|Any CPU.Build.0 = Release|Any CPU
		{7ED40372-DA19-4CB4-95AC-A0F44AD39924}.Release|Mixed Platforms.ActiveCfg = Release|Any CPU
		{7ED40372-DA19-4CB4-95AC-A0F44AD39924}.Release|Mixed Platforms.Build.0 = Release|Any CPU
		{7ED40372-DA19-4CB4-95AC-A0F44AD39924}.Release|Tegra-Android.ActiveCfg = Release|Any CPU
		{7ED40372-DA19-4CB4-95AC-A0F44AD39924}.Release|Win32.ActiveCfg = Release|Any CPU
		{7ED40372-DA19-4CB4-95AC-A0F44AD39924}.Release|x64.ActiveCfg = Release|Any CPU
	EndGlobalSection
	GlobalSection(SolutionProperties) = preSolution
		HideSolutionNode = FALSE
	EndGlobalSection
EndGlobal
