<?xml version="1.0" encoding="utf-8"?>
<Project ToolsVersion="4.0" xmlns="http://schemas.microsoft.com/developer/msbuild/2003">
  <ItemGroup>
    <Filter Include="res">
      <UniqueIdentifier>bf494d27-7a8a-43af-a355-87b72f681f69</UniqueIdentifier>
    </Filter>
    <Filter Include="res\values">
      <UniqueIdentifier>15a6b30b-38bb-4689-a986-c0c6d7558a78</UniqueIdentifier>
    </Filter>
    <Filter Include="include">
      <UniqueIdentifier>{554c0581-2cd4-4b52-8eab-cc56b9cdc1d7}</UniqueIdentifier>
    </Filter>
    <Filter Include="source">
      <UniqueIdentifier>{2d93c5aa-b212-4d4c-a452-678d3d2b020b}</UniqueIdentifier>
    </Filter>
    <Filter Include="include\scenes">
      <UniqueIdentifier>{8337e6c0-9c19-4432-b7cb-43042cb72a0c}</UniqueIdentifier>
    </Filter>
    <Filter Include="source\scenes">
      <UniqueIdentifier>{5a00f74e-1fcc-4600-ae69-c2440c19d6b1}</UniqueIdentifier>
    </Filter>
    <Filter Include="assets">
      <UniqueIdentifier>{5dd2e151-2814-4c34-9b8c-614819aae716}</UniqueIdentifier>
    </Filter>
    <Filter Include="assets\shaders">
      <UniqueIdentifier>{9d962a5a-0532-46d2-bec7-3fa1d15d592c}</UniqueIdentifier>
    </Filter>
  </ItemGroup>
  <ItemGroup>
    <AndroidBuild Include="AndroidManifest.xml" />
    <AndroidBuild Include="res\values\strings.xml">
      <Filter>res\values</Filter>
    </AndroidBuild>
  </ItemGroup>
  <ItemGroup>
    <ClInclude Include="include\Test\test.h">
      <Filter>include</Filter>
    </ClInclude>
    <ClInclude Include="include\Test\Scenes\testScene.h">
      <Filter>include\scenes</Filter>
    </ClInclude>
    <ClInclude Include="include\TestComponent.h">
      <Filter>include</Filter>
    </ClInclude>
    <ClInclude Include="include\TestComponentSystem.h">
      <Filter>include</Filter>
    </ClInclude>
    <ClInclude Include="ShipSystem.h">
      <Filter>include</Filter>
    </ClInclude>
    <ClInclude Include="EnemySystem.h">
      <Filter>include</Filter>
    </ClInclude>
  </ItemGroup>
  <ItemGroup>
    <ClCompile Include="source\dummy.cpp">
      <Filter>source</Filter>
    </ClCompile>
    <ClCompile Include="testScene.cpp">
      <Filter>source\scenes</Filter>
    </ClCompile>
    <ClCompile Include="source\TestComponent.cpp">
      <Filter>source</Filter>
    </ClCompile>
    <ClCompile Include="source\TestComponentSystem.cpp">
      <Filter>source</Filter>
    </ClCompile>
    <ClCompile Include="ShipSystem.cpp">
      <Filter>source</Filter>
    </ClCompile>
    <ClCompile Include="main.cpp">
      <Filter>source</Filter>
    </ClCompile>
  </ItemGroup>
  <ItemGroup>
    <None Include="assets\shaders\default_fragment.glsl">
      <Filter>assets\shaders</Filter>
    </None>
    <None Include="assets\shaders\default_vertex.glsl">
      <Filter>assets\shaders</Filter>
    </None>
  </ItemGroup>
</Project>